// !$*UTF8*$!
{
	archiveVersion = 1;
	classes = {
	};
	objectVersion = 50;
	objects = {

/* Begin PBXBuildFile section */
		E248B54726B73BE8001CF421 /* Tests_iOS.swift in Sources */ = {isa = PBXBuildFile; fileRef = E248B54626B73BE8001CF421 /* Tests_iOS.swift */; };
		E248B55226B73BE8001CF421 /* Tests_macOS.swift in Sources */ = {isa = PBXBuildFile; fileRef = E248B55126B73BE8001CF421 /* Tests_macOS.swift */; };
		E248B55426B73BE8001CF421 /* AppReviewApp.swift in Sources */ = {isa = PBXBuildFile; fileRef = E248B52B26B73BE7001CF421 /* AppReviewApp.swift */; };
		E248B55526B73BE8001CF421 /* AppReviewApp.swift in Sources */ = {isa = PBXBuildFile; fileRef = E248B52B26B73BE7001CF421 /* AppReviewApp.swift */; };
		E248B55626B73BE8001CF421 /* ContentView.swift in Sources */ = {isa = PBXBuildFile; fileRef = E248B52C26B73BE7001CF421 /* ContentView.swift */; };
		E248B55726B73BE8001CF421 /* ContentView.swift in Sources */ = {isa = PBXBuildFile; fileRef = E248B52C26B73BE7001CF421 /* ContentView.swift */; };
		E248B55826B73BE8001CF421 /* Assets.xcassets in Resources */ = {isa = PBXBuildFile; fileRef = E248B52D26B73BE7001CF421 /* Assets.xcassets */; };
		E248B55926B73BE8001CF421 /* Assets.xcassets in Resources */ = {isa = PBXBuildFile; fileRef = E248B52D26B73BE7001CF421 /* Assets.xcassets */; };
/* End PBXBuildFile section */

/* Begin PBXContainerItemProxy section */
		E248B54326B73BE8001CF421 /* PBXContainerItemProxy */ = {
			isa = PBXContainerItemProxy;
			containerPortal = E248B52626B73BE7001CF421 /* Project object */;
			proxyType = 1;
			remoteGlobalIDString = E248B53126B73BE7001CF421;
			remoteInfo = "AppReview (iOS)";
		};
		E248B54E26B73BE8001CF421 /* PBXContainerItemProxy */ = {
			isa = PBXContainerItemProxy;
			containerPortal = E248B52626B73BE7001CF421 /* Project object */;
			proxyType = 1;
			remoteGlobalIDString = E248B53926B73BE8001CF421;
			remoteInfo = "AppReview (macOS)";
		};
/* End PBXContainerItemProxy section */

/* Begin PBXFileReference section */
		E248B52B26B73BE7001CF421 /* AppReviewApp.swift */ = {isa = PBXFileReference; lastKnownFileType = sourcecode.swift; path = AppReviewApp.swift; sourceTree = "<group>"; };
		E248B52C26B73BE7001CF421 /* ContentView.swift */ = {isa = PBXFileReference; lastKnownFileType = sourcecode.swift; path = ContentView.swift; sourceTree = "<group>"; };
		E248B52D26B73BE7001CF421 /* Assets.xcassets */ = {isa = PBXFileReference; lastKnownFileType = folder.assetcatalog; path = Assets.xcassets; sourceTree = "<group>"; };
		E248B53226B73BE8001CF421 /* AppReview.app */ = {isa = PBXFileReference; explicitFileType = wrapper.application; includeInIndex = 0; path = AppReview.app; sourceTree = BUILT_PRODUCTS_DIR; };
		E248B53526B73BE8001CF421 /* Info.plist */ = {isa = PBXFileReference; lastKnownFileType = text.plist.xml; path = Info.plist; sourceTree = "<group>"; };
		E248B53A26B73BE8001CF421 /* AppReview.app */ = {isa = PBXFileReference; explicitFileType = wrapper.application; includeInIndex = 0; path = AppReview.app; sourceTree = BUILT_PRODUCTS_DIR; };
		E248B53C26B73BE8001CF421 /* Info.plist */ = {isa = PBXFileReference; lastKnownFileType = text.plist.xml; path = Info.plist; sourceTree = "<group>"; };
		E248B53D26B73BE8001CF421 /* macOS.entitlements */ = {isa = PBXFileReference; lastKnownFileType = text.plist.entitlements; path = macOS.entitlements; sourceTree = "<group>"; };
		E248B54226B73BE8001CF421 /* Tests iOS.xctest */ = {isa = PBXFileReference; explicitFileType = wrapper.cfbundle; includeInIndex = 0; path = "Tests iOS.xctest"; sourceTree = BUILT_PRODUCTS_DIR; };
		E248B54626B73BE8001CF421 /* Tests_iOS.swift */ = {isa = PBXFileReference; lastKnownFileType = sourcecode.swift; path = Tests_iOS.swift; sourceTree = "<group>"; };
		E248B54826B73BE8001CF421 /* Info.plist */ = {isa = PBXFileReference; lastKnownFileType = text.plist.xml; path = Info.plist; sourceTree = "<group>"; };
		E248B54D26B73BE8001CF421 /* Tests macOS.xctest */ = {isa = PBXFileReference; explicitFileType = wrapper.cfbundle; includeInIndex = 0; path = "Tests macOS.xctest"; sourceTree = BUILT_PRODUCTS_DIR; };
		E248B55126B73BE8001CF421 /* Tests_macOS.swift */ = {isa = PBXFileReference; lastKnownFileType = sourcecode.swift; path = Tests_macOS.swift; sourceTree = "<group>"; };
		E248B55326B73BE8001CF421 /* Info.plist */ = {isa = PBXFileReference; lastKnownFileType = text.plist.xml; path = Info.plist; sourceTree = "<group>"; };
/* End PBXFileReference section */

/* Begin PBXFrameworksBuildPhase section */
		E248B52F26B73BE7001CF421 /* Frameworks */ = {
			isa = PBXFrameworksBuildPhase;
			buildActionMask = 2147483647;
			files = (
			);
			runOnlyForDeploymentPostprocessing = 0;
		};
		E248B53726B73BE8001CF421 /* Frameworks */ = {
			isa = PBXFrameworksBuildPhase;
			buildActionMask = 2147483647;
			files = (
			);
			runOnlyForDeploymentPostprocessing = 0;
		};
		E248B53F26B73BE8001CF421 /* Frameworks */ = {
			isa = PBXFrameworksBuildPhase;
			buildActionMask = 2147483647;
			files = (
			);
			runOnlyForDeploymentPostprocessing = 0;
		};
		E248B54A26B73BE8001CF421 /* Frameworks */ = {
			isa = PBXFrameworksBuildPhase;
			buildActionMask = 2147483647;
			files = (
			);
			runOnlyForDeploymentPostprocessing = 0;
		};
/* End PBXFrameworksBuildPhase section */

/* Begin PBXGroup section */
		E248B52526B73BE7001CF421 = {
			isa = PBXGroup;
			children = (
				E248B52A26B73BE7001CF421 /* Shared */,
				E248B53426B73BE8001CF421 /* iOS */,
				E248B53B26B73BE8001CF421 /* macOS */,
				E248B54526B73BE8001CF421 /* Tests iOS */,
				E248B55026B73BE8001CF421 /* Tests macOS */,
				E248B53326B73BE8001CF421 /* Products */,
			);
			sourceTree = "<group>";
		};
		E248B52A26B73BE7001CF421 /* Shared */ = {
			isa = PBXGroup;
			children = (
				E248B52B26B73BE7001CF421 /* AppReviewApp.swift */,
				E248B52C26B73BE7001CF421 /* ContentView.swift */,
				E248B52D26B73BE7001CF421 /* Assets.xcassets */,
			);
			path = Shared;
			sourceTree = "<group>";
		};
		E248B53326B73BE8001CF421 /* Products */ = {
			isa = PBXGroup;
			children = (
				E248B53226B73BE8001CF421 /* AppReview.app */,
				E248B53A26B73BE8001CF421 /* AppReview.app */,
				E248B54226B73BE8001CF421 /* Tests iOS.xctest */,
				E248B54D26B73BE8001CF421 /* Tests macOS.xctest */,
			);
			name = Products;
			sourceTree = "<group>";
		};
		E248B53426B73BE8001CF421 /* iOS */ = {
			isa = PBXGroup;
			children = (
				E248B53526B73BE8001CF421 /* Info.plist */,
			);
			path = iOS;
			sourceTree = "<group>";
		};
		E248B53B26B73BE8001CF421 /* macOS */ = {
			isa = PBXGroup;
			children = (
				E248B53C26B73BE8001CF421 /* Info.plist */,
				E248B53D26B73BE8001CF421 /* macOS.entitlements */,
			);
			path = macOS;
			sourceTree = "<group>";
		};
		E248B54526B73BE8001CF421 /* Tests iOS */ = {
			isa = PBXGroup;
			children = (
				E248B54626B73BE8001CF421 /* Tests_iOS.swift */,
				E248B54826B73BE8001CF421 /* Info.plist */,
			);
			path = "Tests iOS";
			sourceTree = "<group>";
		};
		E248B55026B73BE8001CF421 /* Tests macOS */ = {
			isa = PBXGroup;
			children = (
				E248B55126B73BE8001CF421 /* Tests_macOS.swift */,
				E248B55326B73BE8001CF421 /* Info.plist */,
			);
			path = "Tests macOS";
			sourceTree = "<group>";
		};
/* End PBXGroup section */

/* Begin PBXNativeTarget section */
		E248B53126B73BE7001CF421 /* AppReview (iOS) */ = {
			isa = PBXNativeTarget;
			buildConfigurationList = E248B55C26B73BE8001CF421 /* Build configuration list for PBXNativeTarget "AppReview (iOS)" */;
			buildPhases = (
				E248B52E26B73BE7001CF421 /* Sources */,
				E248B52F26B73BE7001CF421 /* Frameworks */,
				E248B53026B73BE7001CF421 /* Resources */,
			);
			buildRules = (
			);
			dependencies = (
			);
			name = "AppReview (iOS)";
			productName = "AppReview (iOS)";
			productReference = E248B53226B73BE8001CF421 /* AppReview.app */;
			productType = "com.apple.product-type.application";
		};
		E248B53926B73BE8001CF421 /* AppReview (macOS) */ = {
			isa = PBXNativeTarget;
			buildConfigurationList = E248B55F26B73BE8001CF421 /* Build configuration list for PBXNativeTarget "AppReview (macOS)" */;
			buildPhases = (
				E248B53626B73BE8001CF421 /* Sources */,
				E248B53726B73BE8001CF421 /* Frameworks */,
				E248B53826B73BE8001CF421 /* Resources */,
			);
			buildRules = (
			);
			dependencies = (
			);
			name = "AppReview (macOS)";
			productName = "AppReview (macOS)";
			productReference = E248B53A26B73BE8001CF421 /* AppReview.app */;
			productType = "com.apple.product-type.application";
		};
		E248B54126B73BE8001CF421 /* Tests iOS */ = {
			isa = PBXNativeTarget;
			buildConfigurationList = E248B56226B73BE8001CF421 /* Build configuration list for PBXNativeTarget "Tests iOS" */;
			buildPhases = (
				E248B53E26B73BE8001CF421 /* Sources */,
				E248B53F26B73BE8001CF421 /* Frameworks */,
				E248B54026B73BE8001CF421 /* Resources */,
			);
			buildRules = (
			);
			dependencies = (
				E248B54426B73BE8001CF421 /* PBXTargetDependency */,
			);
			name = "Tests iOS";
			productName = "Tests iOS";
			productReference = E248B54226B73BE8001CF421 /* Tests iOS.xctest */;
			productType = "com.apple.product-type.bundle.ui-testing";
		};
		E248B54C26B73BE8001CF421 /* Tests macOS */ = {
			isa = PBXNativeTarget;
			buildConfigurationList = E248B56526B73BE8001CF421 /* Build configuration list for PBXNativeTarget "Tests macOS" */;
			buildPhases = (
				E248B54926B73BE8001CF421 /* Sources */,
				E248B54A26B73BE8001CF421 /* Frameworks */,
				E248B54B26B73BE8001CF421 /* Resources */,
			);
			buildRules = (
			);
			dependencies = (
				E248B54F26B73BE8001CF421 /* PBXTargetDependency */,
			);
			name = "Tests macOS";
			productName = "Tests macOS";
			productReference = E248B54D26B73BE8001CF421 /* Tests macOS.xctest */;
			productType = "com.apple.product-type.bundle.ui-testing";
		};
/* End PBXNativeTarget section */

/* Begin PBXProject section */
		E248B52626B73BE7001CF421 /* Project object */ = {
			isa = PBXProject;
			attributes = {
				LastSwiftUpdateCheck = 1250;
				LastUpgradeCheck = 1250;
				TargetAttributes = {
					E248B53126B73BE7001CF421 = {
						CreatedOnToolsVersion = 12.5.1;
					};
					E248B53926B73BE8001CF421 = {
						CreatedOnToolsVersion = 12.5.1;
					};
					E248B54126B73BE8001CF421 = {
						CreatedOnToolsVersion = 12.5.1;
						TestTargetID = E248B53126B73BE7001CF421;
					};
					E248B54C26B73BE8001CF421 = {
						CreatedOnToolsVersion = 12.5.1;
						TestTargetID = E248B53926B73BE8001CF421;
					};
				};
			};
			buildConfigurationList = E248B52926B73BE7001CF421 /* Build configuration list for PBXProject "AppReview" */;
			compatibilityVersion = "Xcode 9.3";
			developmentRegion = en;
			hasScannedForEncodings = 0;
			knownRegions = (
				en,
				Base,
			);
			mainGroup = E248B52526B73BE7001CF421;
			productRefGroup = E248B53326B73BE8001CF421 /* Products */;
			projectDirPath = "";
			projectRoot = "";
			targets = (
				E248B53126B73BE7001CF421 /* AppReview (iOS) */,
				E248B53926B73BE8001CF421 /* AppReview (macOS) */,
				E248B54126B73BE8001CF421 /* Tests iOS */,
				E248B54C26B73BE8001CF421 /* Tests macOS */,
			);
		};
/* End PBXProject section */

/* Begin PBXResourcesBuildPhase section */
		E248B53026B73BE7001CF421 /* Resources */ = {
			isa = PBXResourcesBuildPhase;
			buildActionMask = 2147483647;
			files = (
				E248B55826B73BE8001CF421 /* Assets.xcassets in Resources */,
			);
			runOnlyForDeploymentPostprocessing = 0;
		};
		E248B53826B73BE8001CF421 /* Resources */ = {
			isa = PBXResourcesBuildPhase;
			buildActionMask = 2147483647;
			files = (
				E248B55926B73BE8001CF421 /* Assets.xcassets in Resources */,
			);
			runOnlyForDeploymentPostprocessing = 0;
		};
		E248B54026B73BE8001CF421 /* Resources */ = {
			isa = PBXResourcesBuildPhase;
			buildActionMask = 2147483647;
			files = (
			);
			runOnlyForDeploymentPostprocessing = 0;
		};
		E248B54B26B73BE8001CF421 /* Resources */ = {
			isa = PBXResourcesBuildPhase;
			buildActionMask = 2147483647;
			files = (
			);
			runOnlyForDeploymentPostprocessing = 0;
		};
/* End PBXResourcesBuildPhase section */

/* Begin PBXSourcesBuildPhase section */
		E248B52E26B73BE7001CF421 /* Sources */ = {
			isa = PBXSourcesBuildPhase;
			buildActionMask = 2147483647;
			files = (
				E248B55626B73BE8001CF421 /* ContentView.swift in Sources */,
				E248B55426B73BE8001CF421 /* AppReviewApp.swift in Sources */,
			);
			runOnlyForDeploymentPostprocessing = 0;
		};
		E248B53626B73BE8001CF421 /* Sources */ = {
			isa = PBXSourcesBuildPhase;
			buildActionMask = 2147483647;
			files = (
				E248B55726B73BE8001CF421 /* ContentView.swift in Sources */,
				E248B55526B73BE8001CF421 /* AppReviewApp.swift in Sources */,
			);
			runOnlyForDeploymentPostprocessing = 0;
		};
		E248B53E26B73BE8001CF421 /* Sources */ = {
			isa = PBXSourcesBuildPhase;
			buildActionMask = 2147483647;
			files = (
				E248B54726B73BE8001CF421 /* Tests_iOS.swift in Sources */,
			);
			runOnlyForDeploymentPostprocessing = 0;
		};
		E248B54926B73BE8001CF421 /* Sources */ = {
			isa = PBXSourcesBuildPhase;
			buildActionMask = 2147483647;
			files = (
				E248B55226B73BE8001CF421 /* Tests_macOS.swift in Sources */,
			);
			runOnlyForDeploymentPostprocessing = 0;
		};
/* End PBXSourcesBuildPhase section */

/* Begin PBXTargetDependency section */
		E248B54426B73BE8001CF421 /* PBXTargetDependency */ = {
			isa = PBXTargetDependency;
			target = E248B53126B73BE7001CF421 /* AppReview (iOS) */;
			targetProxy = E248B54326B73BE8001CF421 /* PBXContainerItemProxy */;
		};
		E248B54F26B73BE8001CF421 /* PBXTargetDependency */ = {
			isa = PBXTargetDependency;
			target = E248B53926B73BE8001CF421 /* AppReview (macOS) */;
			targetProxy = E248B54E26B73BE8001CF421 /* PBXContainerItemProxy */;
		};
/* End PBXTargetDependency section */

/* Begin XCBuildConfiguration section */
		E248B55A26B73BE8001CF421 /* Debug */ = {
			isa = XCBuildConfiguration;
			buildSettings = {
				ALWAYS_SEARCH_USER_PATHS = NO;
				CLANG_ANALYZER_NONNULL = YES;
				CLANG_ANALYZER_NUMBER_OBJECT_CONVERSION = YES_AGGRESSIVE;
				CLANG_CXX_LANGUAGE_STANDARD = "gnu++14";
				CLANG_CXX_LIBRARY = "libc++";
				CLANG_ENABLE_MODULES = YES;
				CLANG_ENABLE_OBJC_ARC = YES;
				CLANG_ENABLE_OBJC_WEAK = YES;
				CLANG_WARN_BLOCK_CAPTURE_AUTORELEASING = YES;
				CLANG_WARN_BOOL_CONVERSION = YES;
				CLANG_WARN_COMMA = YES;
				CLANG_WARN_CONSTANT_CONVERSION = YES;
				CLANG_WARN_DEPRECATED_OBJC_IMPLEMENTATIONS = YES;
				CLANG_WARN_DIRECT_OBJC_ISA_USAGE = YES_ERROR;
				CLANG_WARN_DOCUMENTATION_COMMENTS = YES;
				CLANG_WARN_EMPTY_BODY = YES;
				CLANG_WARN_ENUM_CONVERSION = YES;
				CLANG_WARN_INFINITE_RECURSION = YES;
				CLANG_WARN_INT_CONVERSION = YES;
				CLANG_WARN_NON_LITERAL_NULL_CONVERSION = YES;
				CLANG_WARN_OBJC_IMPLICIT_RETAIN_SELF = YES;
				CLANG_WARN_OBJC_LITERAL_CONVERSION = YES;
				CLANG_WARN_OBJC_ROOT_CLASS = YES_ERROR;
				CLANG_WARN_QUOTED_INCLUDE_IN_FRAMEWORK_HEADER = YES;
				CLANG_WARN_RANGE_LOOP_ANALYSIS = YES;
				CLANG_WARN_STRICT_PROTOTYPES = YES;
				CLANG_WARN_SUSPICIOUS_MOVE = YES;
				CLANG_WARN_UNGUARDED_AVAILABILITY = YES_AGGRESSIVE;
				CLANG_WARN_UNREACHABLE_CODE = YES;
				CLANG_WARN__DUPLICATE_METHOD_MATCH = YES;
				COPY_PHASE_STRIP = NO;
				DEBUG_INFORMATION_FORMAT = dwarf;
				ENABLE_STRICT_OBJC_MSGSEND = YES;
				ENABLE_TESTABILITY = YES;
				GCC_C_LANGUAGE_STANDARD = gnu11;
				GCC_DYNAMIC_NO_PIC = NO;
				GCC_NO_COMMON_BLOCKS = YES;
				GCC_OPTIMIZATION_LEVEL = 0;
				GCC_PREPROCESSOR_DEFINITIONS = (
					"DEBUG=1",
					"$(inherited)",
				);
				GCC_WARN_64_TO_32_BIT_CONVERSION = YES;
				GCC_WARN_ABOUT_RETURN_TYPE = YES_ERROR;
				GCC_WARN_UNDECLARED_SELECTOR = YES;
				GCC_WARN_UNINITIALIZED_AUTOS = YES_AGGRESSIVE;
				GCC_WARN_UNUSED_FUNCTION = YES;
				GCC_WARN_UNUSED_VARIABLE = YES;
				MTL_ENABLE_DEBUG_INFO = INCLUDE_SOURCE;
				MTL_FAST_MATH = YES;
				ONLY_ACTIVE_ARCH = YES;
				SWIFT_ACTIVE_COMPILATION_CONDITIONS = DEBUG;
				SWIFT_OPTIMIZATION_LEVEL = "-Onone";
			};
			name = Debug;
		};
		E248B55B26B73BE8001CF421 /* Release */ = {
			isa = XCBuildConfiguration;
			buildSettings = {
				ALWAYS_SEARCH_USER_PATHS = NO;
				CLANG_ANALYZER_NONNULL = YES;
				CLANG_ANALYZER_NUMBER_OBJECT_CONVERSION = YES_AGGRESSIVE;
				CLANG_CXX_LANGUAGE_STANDARD = "gnu++14";
				CLANG_CXX_LIBRARY = "libc++";
				CLANG_ENABLE_MODULES = YES;
				CLANG_ENABLE_OBJC_ARC = YES;
				CLANG_ENABLE_OBJC_WEAK = YES;
				CLANG_WARN_BLOCK_CAPTURE_AUTORELEASING = YES;
				CLANG_WARN_BOOL_CONVERSION = YES;
				CLANG_WARN_COMMA = YES;
				CLANG_WARN_CONSTANT_CONVERSION = YES;
				CLANG_WARN_DEPRECATED_OBJC_IMPLEMENTATIONS = YES;
				CLANG_WARN_DIRECT_OBJC_ISA_USAGE = YES_ERROR;
				CLANG_WARN_DOCUMENTATION_COMMENTS = YES;
				CLANG_WARN_EMPTY_BODY = YES;
				CLANG_WARN_ENUM_CONVERSION = YES;
				CLANG_WARN_INFINITE_RECURSION = YES;
				CLANG_WARN_INT_CONVERSION = YES;
				CLANG_WARN_NON_LITERAL_NULL_CONVERSION = YES;
				CLANG_WARN_OBJC_IMPLICIT_RETAIN_SELF = YES;
				CLANG_WARN_OBJC_LITERAL_CONVERSION = YES;
				CLANG_WARN_OBJC_ROOT_CLASS = YES_ERROR;
				CLANG_WARN_QUOTED_INCLUDE_IN_FRAMEWORK_HEADER = YES;
				CLANG_WARN_RANGE_LOOP_ANALYSIS = YES;
				CLANG_WARN_STRICT_PROTOTYPES = YES;
				CLANG_WARN_SUSPICIOUS_MOVE = YES;
				CLANG_WARN_UNGUARDED_AVAILABILITY = YES_AGGRESSIVE;
				CLANG_WARN_UNREACHABLE_CODE = YES;
				CLANG_WARN__DUPLICATE_METHOD_MATCH = YES;
				COPY_PHASE_STRIP = NO;
				DEBUG_INFORMATION_FORMAT = "dwarf-with-dsym";
				ENABLE_NS_ASSERTIONS = NO;
				ENABLE_STRICT_OBJC_MSGSEND = YES;
				GCC_C_LANGUAGE_STANDARD = gnu11;
				GCC_NO_COMMON_BLOCKS = YES;
				GCC_WARN_64_TO_32_BIT_CONVERSION = YES;
				GCC_WARN_ABOUT_RETURN_TYPE = YES_ERROR;
				GCC_WARN_UNDECLARED_SELECTOR = YES;
				GCC_WARN_UNINITIALIZED_AUTOS = YES_AGGRESSIVE;
				GCC_WARN_UNUSED_FUNCTION = YES;
				GCC_WARN_UNUSED_VARIABLE = YES;
				MTL_ENABLE_DEBUG_INFO = NO;
				MTL_FAST_MATH = YES;
				SWIFT_COMPILATION_MODE = wholemodule;
				SWIFT_OPTIMIZATION_LEVEL = "-O";
			};
			name = Release;
		};
		E248B55D26B73BE8001CF421 /* Debug */ = {
			isa = XCBuildConfiguration;
			buildSettings = {
				ASSETCATALOG_COMPILER_APPICON_NAME = AppIcon;
				ASSETCATALOG_COMPILER_GLOBAL_ACCENT_COLOR_NAME = AccentColor;
				CODE_SIGN_STYLE = Automatic;
				DEVELOPMENT_TEAM = GL29M7BLD4;
				ENABLE_PREVIEWS = YES;
				INFOPLIST_FILE = iOS/Info.plist;
				IPHONEOS_DEPLOYMENT_TARGET = 14.0;
				LD_RUNPATH_SEARCH_PATHS = (
					"$(inherited)",
					"@executable_path/Frameworks",
				);
				PRODUCT_BUNDLE_IDENTIFIER = com.benz.AppReview;
				PRODUCT_NAME = AppReview;
				SDKROOT = iphoneos;
				SWIFT_VERSION = 5.0;
				TARGETED_DEVICE_FAMILY = "1,2";
			};
			name = Debug;
		};
		E248B55E26B73BE8001CF421 /* Release */ = {
			isa = XCBuildConfiguration;
			buildSettings = {
				ASSETCATALOG_COMPILER_APPICON_NAME = AppIcon;
				ASSETCATALOG_COMPILER_GLOBAL_ACCENT_COLOR_NAME = AccentColor;
				CODE_SIGN_STYLE = Automatic;
				DEVELOPMENT_TEAM = GL29M7BLD4;
				ENABLE_PREVIEWS = YES;
				INFOPLIST_FILE = iOS/Info.plist;
				IPHONEOS_DEPLOYMENT_TARGET = 14.0;
				LD_RUNPATH_SEARCH_PATHS = (
					"$(inherited)",
					"@executable_path/Frameworks",
				);
				PRODUCT_BUNDLE_IDENTIFIER = com.benz.AppReview;
				PRODUCT_NAME = AppReview;
				SDKROOT = iphoneos;
				SWIFT_VERSION = 5.0;
				TARGETED_DEVICE_FAMILY = "1,2";
				VALIDATE_PRODUCT = YES;
			};
			name = Release;
		};
		E248B56026B73BE8001CF421 /* Debug */ = {
			isa = XCBuildConfiguration;
			buildSettings = {
				ASSETCATALOG_COMPILER_APPICON_NAME = AppIcon;
				ASSETCATALOG_COMPILER_GLOBAL_ACCENT_COLOR_NAME = AccentColor;
				CODE_SIGN_ENTITLEMENTS = macOS/macOS.entitlements;
				CODE_SIGN_STYLE = Automatic;
				COMBINE_HIDPI_IMAGES = YES;
				DEVELOPMENT_TEAM = GL29M7BLD4;
				ENABLE_HARDENED_RUNTIME = YES;
				ENABLE_PREVIEWS = YES;
				INFOPLIST_FILE = macOS/Info.plist;
				LD_RUNPATH_SEARCH_PATHS = (
					"$(inherited)",
					"@executable_path/../Frameworks",
				);
				MACOSX_DEPLOYMENT_TARGET = 11.0;
				PRODUCT_BUNDLE_IDENTIFIER = com.benz.AppReview;
				PRODUCT_NAME = AppReview;
				SDKROOT = macosx;
				SWIFT_VERSION = 5.0;
			};
			name = Debug;
		};
		E248B56126B73BE8001CF421 /* Release */ = {
			isa = XCBuildConfiguration;
			buildSettings = {
				ASSETCATALOG_COMPILER_APPICON_NAME = AppIcon;
				ASSETCATALOG_COMPILER_GLOBAL_ACCENT_COLOR_NAME = AccentColor;
				CODE_SIGN_ENTITLEMENTS = macOS/macOS.entitlements;
				CODE_SIGN_STYLE = Automatic;
				COMBINE_HIDPI_IMAGES = YES;
				DEVELOPMENT_TEAM = GL29M7BLD4;
				ENABLE_HARDENED_RUNTIME = YES;
				ENABLE_PREVIEWS = YES;
				INFOPLIST_FILE = macOS/Info.plist;
				LD_RUNPATH_SEARCH_PATHS = (
					"$(inherited)",
					"@executable_path/../Frameworks",
				);
				MACOSX_DEPLOYMENT_TARGET = 11.0;
				PRODUCT_BUNDLE_IDENTIFIER = com.benz.AppReview;
				PRODUCT_NAME = AppReview;
				SDKROOT = macosx;
				SWIFT_VERSION = 5.0;
			};
			name = Release;
		};
		E248B56326B73BE8001CF421 /* Debug */ = {
			isa = XCBuildConfiguration;
			buildSettings = {
				ALWAYS_EMBED_SWIFT_STANDARD_LIBRARIES = YES;
				CODE_SIGN_STYLE = Automatic;
				DEVELOPMENT_TEAM = GL29M7BLD4;
				INFOPLIST_FILE = "Tests iOS/Info.plist";
				IPHONEOS_DEPLOYMENT_TARGET = 14.5;
				LD_RUNPATH_SEARCH_PATHS = (
					"$(inherited)",
					"@executable_path/Frameworks",
					"@loader_path/Frameworks",
				);
				PRODUCT_BUNDLE_IDENTIFIER = "com.benz.Tests-iOS";
				PRODUCT_NAME = "$(TARGET_NAME)";
				SDKROOT = iphoneos;
				SWIFT_VERSION = 5.0;
				TARGETED_DEVICE_FAMILY = "1,2";
				TEST_TARGET_NAME = "AppReview (iOS)";
			};
			name = Debug;
		};
		E248B56426B73BE8001CF421 /* Release */ = {
			isa = XCBuildConfiguration;
			buildSettings = {
				ALWAYS_EMBED_SWIFT_STANDARD_LIBRARIES = YES;
				CODE_SIGN_STYLE = Automatic;
				DEVELOPMENT_TEAM = GL29M7BLD4;
				INFOPLIST_FILE = "Tests iOS/Info.plist";
				IPHONEOS_DEPLOYMENT_TARGET = 14.5;
				LD_RUNPATH_SEARCH_PATHS = (
					"$(inherited)",
					"@executable_path/Frameworks",
					"@loader_path/Frameworks",
				);
				PRODUCT_BUNDLE_IDENTIFIER = "com.benz.Tests-iOS";
				PRODUCT_NAME = "$(TARGET_NAME)";
				SDKROOT = iphoneos;
				SWIFT_VERSION = 5.0;
				TARGETED_DEVICE_FAMILY = "1,2";
				TEST_TARGET_NAME = "AppReview (iOS)";
				VALIDATE_PRODUCT = YES;
			};
			name = Release;
		};
		E248B56626B73BE8001CF421 /* Debug */ = {
			isa = XCBuildConfiguration;
			buildSettings = {
				ALWAYS_EMBED_SWIFT_STANDARD_LIBRARIES = YES;
				CODE_SIGN_STYLE = Automatic;
				COMBINE_HIDPI_IMAGES = YES;
				DEVELOPMENT_TEAM = GL29M7BLD4;
				INFOPLIST_FILE = "Tests macOS/Info.plist";
				LD_RUNPATH_SEARCH_PATHS = (
					"$(inherited)",
					"@executable_path/../Frameworks",
					"@loader_path/../Frameworks",
				);
				MACOSX_DEPLOYMENT_TARGET = 11.3;
				PRODUCT_BUNDLE_IDENTIFIER = "com.benz.Tests-macOS";
				PRODUCT_NAME = "$(TARGET_NAME)";
				SDKROOT = macosx;
				SWIFT_VERSION = 5.0;
				TEST_TARGET_NAME = "AppReview (macOS)";
			};
			name = Debug;
		};
		E248B56726B73BE8001CF421 /* Release */ = {
			isa = XCBuildConfiguration;
			buildSettings = {
				ALWAYS_EMBED_SWIFT_STANDARD_LIBRARIES = YES;
				CODE_SIGN_STYLE = Automatic;
				COMBINE_HIDPI_IMAGES = YES;
				DEVELOPMENT_TEAM = GL29M7BLD4;
				INFOPLIST_FILE = "Tests macOS/Info.plist";
				LD_RUNPATH_SEARCH_PATHS = (
					"$(inherited)",
					"@executable_path/../Frameworks",
					"@loader_path/../Frameworks",
				);
				MACOSX_DEPLOYMENT_TARGET = 11.3;
				PRODUCT_BUNDLE_IDENTIFIER = "com.benz.Tests-macOS";
				PRODUCT_NAME = "$(TARGET_NAME)";
				SDKROOT = macosx;
				SWIFT_VERSION = 5.0;
				TEST_TARGET_NAME = "AppReview (macOS)";
			};
			name = Release;
		};
/* End XCBuildConfiguration section */

/* Begin XCConfigurationList section */
		E248B52926B73BE7001CF421 /* Build configuration list for PBXProject "AppReview" */ = {
			isa = XCConfigurationList;
			buildConfigurations = (
				E248B55A26B73BE8001CF421 /* Debug */,
				E248B55B26B73BE8001CF421 /* Release */,
			);
			defaultConfigurationIsVisible = 0;
			defaultConfigurationName = Release;
		};
		E248B55C26B73BE8001CF421 /* Build configuration list for PBXNativeTarget "AppReview (iOS)" */ = {
			isa = XCConfigurationList;
			buildConfigurations = (
				E248B55D26B73BE8001CF421 /* Debug */,
				E248B55E26B73BE8001CF421 /* Release */,
			);
			defaultConfigurationIsVisible = 0;
			defaultConfigurationName = Release;
		};
		E248B55F26B73BE8001CF421 /* Build configuration list for PBXNativeTarget "AppReview (macOS)" */ = {
			isa = XCConfigurationList;
			buildConfigurations = (
				E248B56026B73BE8001CF421 /* Debug */,
				E248B56126B73BE8001CF421 /* Release */,
			);
			defaultConfigurationIsVisible = 0;
			defaultConfigurationName = Release;
		};
		E248B56226B73BE8001CF421 /* Build configuration list for PBXNativeTarget "Tests iOS" */ = {
			isa = XCConfigurationList;
			buildConfigurations = (
				E248B56326B73BE8001CF421 /* Debug */,
				E248B56426B73BE8001CF421 /* Release */,
			);
			defaultConfigurationIsVisible = 0;
			defaultConfigurationName = Release;
		};
		E248B56526B73BE8001CF421 /* Build configuration list for PBXNativeTarget "Tests macOS" */ = {
			isa = XCConfigurationList;
			buildConfigurations = (
				E248B56626B73BE8001CF421 /* Debug */,
				E248B56726B73BE8001CF421 /* Release */,
			);
			defaultConfigurationIsVisible = 0;
			defaultConfigurationName = Release;
		};
/* End XCConfigurationList section */
	};
	rootObject = E248B52626B73BE7001CF421 /* Project object */;
}
